
Microsoft Visual Studio Solution File, Format Version 12.00
# Visual Studio Version 17
VisualStudioVersion = 17.0.31521.260
MinimumVisualStudioVersion = 10.0.40219.1
Project("{9A19103F-16F7-4668-BE54-9A1E7A4F7556}") = "ClassIntro", "ClassIntro\ClassIntro.csproj", "{339E3A64-98D6-47FF-8DF5-7D5E2565AA01}"
EndProject
Project("{9A19103F-16F7-4668-BE54-9A1E7A4F7556}") = "DegerVeReferansTipler", "DegerVeReferansTipler\DegerVeReferansTipler.csproj", "{CEF429BC-B328-4014-B0A8-F739CDF8CEB6}"
EndProject
Project("{9A19103F-16F7-4668-BE54-9A1E7A4F7556}") = "Loops", "Loops\Loops.csproj", "{E7863303-70BD-4480-9E0C-5DE461AA5C6D}"
EndProject
Project("{9A19103F-16F7-4668-BE54-9A1E7A4F7556}") = "Day2Work6", "Day2Work6\Day2Work6.csproj", "{9347552B-9011-4BEE-ADE6-794C6660CD1E}"
EndProject
Project("{9A19103F-16F7-4668-BE54-9A1E7A4F7556}") = "Methods", "Methods\Methods.csproj", "{DE6DFE9B-2717-4208-8672-0E7B34217D36}"
EndProject
Project("{9A19103F-16F7-4668-BE54-9A1E7A4F7556}") = "Math", "Math\Math.csproj", "{104A109F-BE83-46EE-B924-5899FE3BCEE6}"
EndProject
Project("{9A19103F-16F7-4668-BE54-9A1E7A4F7556}") = "ClassMethodDemo", "ClassMethodDemo\ClassMethodDemo.csproj", "{DA03615C-198C-4A59-B853-3538AE7D0DD8}"
EndProject
Project("{9A19103F-16F7-4668-BE54-9A1E7A4F7556}") = "OOP1", "OOP1\OOP1.csproj", "{3A2D0E1C-B971-474C-BE29-DAC303934463}"
EndProject
Project("{9A19103F-16F7-4668-BE54-9A1E7A4F7556}") = "Collections", "Collections\Collections.csproj", "{3C1F9EFF-74B3-4C16-AA51-930FCE28972D}"
EndProject
Project("{9A19103F-16F7-4668-BE54-9A1E7A4F7556}") = "GenericsIntro", "GenericsIntro\GenericsIntro.csproj", "{7F2001DE-D978-47AD-B957-77231C9771B9}"
EndProject
Project("{9A19103F-16F7-4668-BE54-9A1E7A4F7556}") = "GenericsIntroAgain", "GenericsIntroAgain\GenericsIntroAgain.csproj", "{AC9FC3E0-6B8E-4362-84DC-3B164659EA16}"
EndProject
Project("{FAE04EC0-301F-11D3-BF4B-00C04F79EFBC}") = "GenericsIntroAgainv2", "GenericsIntroAgainv2\GenericsIntroAgainv2.csproj", "{AAAB05A0-023C-4F20-91CA-5EBA5EEE3F9C}"
EndProject
Global
	GlobalSection(SolutionConfigurationPlatforms) = preSolution
		Debug|Any CPU = Debug|Any CPU
		Release|Any CPU = Release|Any CPU
	EndGlobalSection
	GlobalSection(ProjectConfigurationPlatforms) = postSolution
		{339E3A64-98D6-47FF-8DF5-7D5E2565AA01}.Debug|Any CPU.ActiveCfg = Debug|Any CPU
		{339E3A64-98D6-47FF-8DF5-7D5E2565AA01}.Debug|Any CPU.Build.0 = Debug|Any CPU
		{339E3A64-98D6-47FF-8DF5-7D5E2565AA01}.Release|Any CPU.ActiveCfg = Release|Any CPU
		{339E3A64-98D6-47FF-8DF5-7D5E2565AA01}.Release|Any CPU.Build.0 = Release|Any CPU
		{CEF429BC-B328-4014-B0A8-F739CDF8CEB6}.Debug|Any CPU.ActiveCfg = Debug|Any CPU
		{CEF429BC-B328-4014-B0A8-F739CDF8CEB6}.Debug|Any CPU.Build.0 = Debug|Any CPU
		{CEF429BC-B328-4014-B0A8-F739CDF8CEB6}.Release|Any CPU.ActiveCfg = Release|Any CPU
		{CEF429BC-B328-4014-B0A8-F739CDF8CEB6}.Release|Any CPU.Build.0 = Release|Any CPU
		{E7863303-70BD-4480-9E0C-5DE461AA5C6D}.Debug|Any CPU.ActiveCfg = Debug|Any CPU
		{E7863303-70BD-4480-9E0C-5DE461AA5C6D}.Debug|Any CPU.Build.0 = Debug|Any CPU
		{E7863303-70BD-4480-9E0C-5DE461AA5C6D}.Release|Any CPU.ActiveCfg = Release|Any CPU
		{E7863303-70BD-4480-9E0C-5DE461AA5C6D}.Release|Any CPU.Build.0 = Release|Any CPU
		{9347552B-9011-4BEE-ADE6-794C6660CD1E}.Debug|Any CPU.ActiveCfg = Debug|Any CPU
		{9347552B-9011-4BEE-ADE6-794C6660CD1E}.Debug|Any CPU.Build.0 = Debug|Any CPU
		{9347552B-9011-4BEE-ADE6-794C6660CD1E}.Release|Any CPU.ActiveCfg = Release|Any CPU
		{9347552B-9011-4BEE-ADE6-794C6660CD1E}.Release|Any CPU.Build.0 = Release|Any CPU
		{DE6DFE9B-2717-4208-8672-0E7B34217D36}.Debug|Any CPU.ActiveCfg = Debug|Any CPU
		{DE6DFE9B-2717-4208-8672-0E7B34217D36}.Debug|Any CPU.Build.0 = Debug|Any CPU
		{DE6DFE9B-2717-4208-8672-0E7B34217D36}.Release|Any CPU.ActiveCfg = Release|Any CPU
		{DE6DFE9B-2717-4208-8672-0E7B34217D36}.Release|Any CPU.Build.0 = Release|Any CPU
		{104A109F-BE83-46EE-B924-5899FE3BCEE6}.Debug|Any CPU.ActiveCfg = Debug|Any CPU
		{104A109F-BE83-46EE-B924-5899FE3BCEE6}.Debug|Any CPU.Build.0 = Debug|Any CPU
		{104A109F-BE83-46EE-B924-5899FE3BCEE6}.Release|Any CPU.ActiveCfg = Release|Any CPU
		{104A109F-BE83-46EE-B924-5899FE3BCEE6}.Release|Any CPU.Build.0 = Release|Any CPU
		{DA03615C-198C-4A59-B853-3538AE7D0DD8}.Debug|Any CPU.ActiveCfg = Debug|Any CPU
		{DA03615C-198C-4A59-B853-3538AE7D0DD8}.Debug|Any CPU.Build.0 = Debug|Any CPU
		{DA03615C-198C-4A59-B853-3538AE7D0DD8}.Release|Any CPU.ActiveCfg = Release|Any CPU
		{DA03615C-198C-4A59-B853-3538AE7D0DD8}.Release|Any CPU.Build.0 = Release|Any CPU
		{3A2D0E1C-B971-474C-BE29-DAC303934463}.Debug|Any CPU.ActiveCfg = Debug|Any CPU
		{3A2D0E1C-B971-474C-BE29-DAC303934463}.Debug|Any CPU.Build.0 = Debug|Any CPU
		{3A2D0E1C-B971-474C-BE29-DAC303934463}.Release|Any CPU.ActiveCfg = Release|Any CPU
		{3A2D0E1C-B971-474C-BE29-DAC303934463}.Release|Any CPU.Build.0 = Release|Any CPU
		{3C1F9EFF-74B3-4C16-AA51-930FCE28972D}.Debug|Any CPU.ActiveCfg = Debug|Any CPU
		{3C1F9EFF-74B3-4C16-AA51-930FCE28972D}.Debug|Any CPU.Build.0 = Debug|Any CPU
		{3C1F9EFF-74B3-4C16-AA51-930FCE28972D}.Release|Any CPU.ActiveCfg = Release|Any CPU
		{3C1F9EFF-74B3-4C16-AA51-930FCE28972D}.Release|Any CPU.Build.0 = Release|Any CPU
		{7F2001DE-D978-47AD-B957-77231C9771B9}.Debug|Any CPU.ActiveCfg = Debug|Any CPU
		{7F2001DE-D978-47AD-B957-77231C9771B9}.Debug|Any CPU.Build.0 = Debug|Any CPU
		{7F2001DE-D978-47AD-B957-77231C9771B9}.Release|Any CPU.ActiveCfg = Release|Any CPU
		{7F2001DE-D978-47AD-B957-77231C9771B9}.Release|Any CPU.Build.0 = Release|Any CPU
		{AC9FC3E0-6B8E-4362-84DC-3B164659EA16}.Debug|Any CPU.ActiveCfg = Debug|Any CPU
		{AC9FC3E0-6B8E-4362-84DC-3B164659EA16}.Debug|Any CPU.Build.0 = Debug|Any CPU
		{AC9FC3E0-6B8E-4362-84DC-3B164659EA16}.Release|Any CPU.ActiveCfg = Release|Any CPU
		{AC9FC3E0-6B8E-4362-84DC-3B164659EA16}.Release|Any CPU.Build.0 = Release|Any CPU
		{AAAB05A0-023C-4F20-91CA-5EBA5EEE3F9C}.Debug|Any CPU.ActiveCfg = Debug|Any CPU
		{AAAB05A0-023C-4F20-91CA-5EBA5EEE3F9C}.Debug|Any CPU.Build.0 = Debug|Any CPU
		{AAAB05A0-023C-4F20-91CA-5EBA5EEE3F9C}.Release|Any CPU.ActiveCfg = Release|Any CPU
		{AAAB05A0-023C-4F20-91CA-5EBA5EEE3F9C}.Release|Any CPU.Build.0 = Release|Any CPU
	EndGlobalSection
	GlobalSection(SolutionProperties) = preSolution
		HideSolutionNode = FALSE
	EndGlobalSection
	GlobalSection(ExtensibilityGlobals) = postSolution
		SolutionGuid = {A9EEEE8E-FD56-4505-AAFD-8B555A248065}
	EndGlobalSection
EndGlobal
