
Microsoft Visual Studio Solution File, Format Version 12.00
# Visual Studio Version 17
VisualStudioVersion = 17.0.31521.260
MinimumVisualStudioVersion = 10.0.40219.1
Project("{9A19103F-16F7-4668-BE54-9A1E7A4F7556}") = "ClassIntro", "ClassIntro\ClassIntro.csproj", "{339E3A64-98D6-47FF-8DF5-7D5E2565AA01}"
EndProject
Project("{9A19103F-16F7-4668-BE54-9A1E7A4F7556}") = "DegerVeReferansTipler", "DegerVeReferansTipler\DegerVeReferansTipler.csproj", "{CEF429BC-B328-4014-B0A8-F739CDF8CEB6}"
EndProject
Project("{9A19103F-16F7-4668-BE54-9A1E7A4F7556}") = "Loops", "Loops\Loops.csproj", "{E7863303-70BD-4480-9E0C-5DE461AA5C6D}"
EndProject
Project("{9A19103F-16F7-4668-BE54-9A1E7A4F7556}") = "Day2Work6", "Day2Work6\Day2Work6.csproj", "{9347552B-9011-4BEE-ADE6-794C6660CD1E}"
EndProject
Project("{FAE04EC0-301F-11D3-BF4B-00C04F79EFBC}") = "Methods", "Methods\Methods.csproj", "{DE6DFE9B-2717-4208-8672-0E7B34217D36}"
EndProject
Project("{FAE04EC0-301F-11D3-BF4B-00C04F79EFBC}") = "Math", "Math\Math.csproj", "{104A109F-BE83-46EE-B924-5899FE3BCEE6}"
EndProject
Global
	GlobalSection(SolutionConfigurationPlatforms) = preSolution
		Debug|Any CPU = Debug|Any CPU
		Release|Any CPU = Release|Any CPU
	EndGlobalSection
	GlobalSection(ProjectConfigurationPlatforms) = postSolution
		{339E3A64-98D6-47FF-8DF5-7D5E2565AA01}.Debug|Any CPU.ActiveCfg = Debug|Any CPU
		{339E3A64-98D6-47FF-8DF5-7D5E2565AA01}.Debug|Any CPU.Build.0 = Debug|Any CPU
		{339E3A64-98D6-47FF-8DF5-7D5E2565AA01}.Release|Any CPU.ActiveCfg = Release|Any CPU
		{339E3A64-98D6-47FF-8DF5-7D5E2565AA01}.Release|Any CPU.Build.0 = Release|Any CPU
		{CEF429BC-B328-4014-B0A8-F739CDF8CEB6}.Debug|Any CPU.ActiveCfg = Debug|Any CPU
		{CEF429BC-B328-4014-B0A8-F739CDF8CEB6}.Debug|Any CPU.Build.0 = Debug|Any CPU
		{CEF429BC-B328-4014-B0A8-F739CDF8CEB6}.Release|Any CPU.ActiveCfg = Release|Any CPU
		{CEF429BC-B328-4014-B0A8-F739CDF8CEB6}.Release|Any CPU.Build.0 = Release|Any CPU
		{E7863303-70BD-4480-9E0C-5DE461AA5C6D}.Debug|Any CPU.ActiveCfg = Debug|Any CPU
		{E7863303-70BD-4480-9E0C-5DE461AA5C6D}.Debug|Any CPU.Build.0 = Debug|Any CPU
		{E7863303-70BD-4480-9E0C-5DE461AA5C6D}.Release|Any CPU.ActiveCfg = Release|Any CPU
		{E7863303-70BD-4480-9E0C-5DE461AA5C6D}.Release|Any CPU.Build.0 = Release|Any CPU
		{9347552B-9011-4BEE-ADE6-794C6660CD1E}.Debug|Any CPU.ActiveCfg = Debug|Any CPU
		{9347552B-9011-4BEE-ADE6-794C6660CD1E}.Debug|Any CPU.Build.0 = Debug|Any CPU
		{9347552B-9011-4BEE-ADE6-794C6660CD1E}.Release|Any CPU.ActiveCfg = Release|Any CPU
		{9347552B-9011-4BEE-ADE6-794C6660CD1E}.Release|Any CPU.Build.0 = Release|Any CPU
		{DE6DFE9B-2717-4208-8672-0E7B34217D36}.Debug|Any CPU.ActiveCfg = Debug|Any CPU
		{DE6DFE9B-2717-4208-8672-0E7B34217D36}.Debug|Any CPU.Build.0 = Debug|Any CPU
		{DE6DFE9B-2717-4208-8672-0E7B34217D36}.Release|Any CPU.ActiveCfg = Release|Any CPU
		{DE6DFE9B-2717-4208-8672-0E7B34217D36}.Release|Any CPU.Build.0 = Release|Any CPU
		{104A109F-BE83-46EE-B924-5899FE3BCEE6}.Debug|Any CPU.ActiveCfg = Debug|Any CPU
		{104A109F-BE83-46EE-B924-5899FE3BCEE6}.Debug|Any CPU.Build.0 = Debug|Any CPU
		{104A109F-BE83-46EE-B924-5899FE3BCEE6}.Release|Any CPU.ActiveCfg = Release|Any CPU
		{104A109F-BE83-46EE-B924-5899FE3BCEE6}.Release|Any CPU.Build.0 = Release|Any CPU
	EndGlobalSection
	GlobalSection(SolutionProperties) = preSolution
		HideSolutionNode = FALSE
	EndGlobalSection
	GlobalSection(ExtensibilityGlobals) = postSolution
		SolutionGuid = {A9EEEE8E-FD56-4505-AAFD-8B555A248065}
	EndGlobalSection
EndGlobal
